
Microsoft Visual Studio Solution File, Format Version 12.00
# Visual Studio 15
VisualStudioVersion = 15.0.26730.12
MinimumVisualStudioVersion = 10.0.40219.1
Project("{FAE04EC0-301F-11D3-BF4B-00C04F79EFBC}") = "LibsodiumSpike", "LibsodiumSpike\LibsodiumSpike.csproj", "{47D84A0E-009D-4B7F-A290-4C62323A94A2}"
EndProject
Project("{D954291E-2A0B-460D-934E-DC6B0785DB48}") = "Rock.EmbeddedNativeLibrary.Shared", "Rock.EmbeddedNativeLibrary\src\Rock.EmbeddedNativeLibrary.Shared.shproj", "{C1116D49-42AF-4045-A1DC-090A4F2F9FF5}"
EndProject
Global
	GlobalSection(SharedMSBuildProjectFiles) = preSolution
		Rock.EmbeddedNativeLibrary\src\Rock.EmbeddedNativeLibrary.Shared.projitems*{c1116d49-42af-4045-a1dc-090a4f2f9ff5}*SharedItemsImports = 13
	EndGlobalSection
	GlobalSection(SolutionConfigurationPlatforms) = preSolution
		Debug|Any CPU = Debug|Any CPU
		Release|Any CPU = Release|Any CPU
	EndGlobalSection
	GlobalSection(ProjectConfigurationPlatforms) = postSolution
		{47D84A0E-009D-4B7F-A290-4C62323A94A2}.Debug|Any CPU.ActiveCfg = Debug|Any CPU
		{47D84A0E-009D-4B7F-A290-4C62323A94A2}.Debug|Any CPU.Build.0 = Debug|Any CPU
		{47D84A0E-009D-4B7F-A290-4C62323A94A2}.Release|Any CPU.ActiveCfg = Release|Any CPU
		{47D84A0E-009D-4B7F-A290-4C62323A94A2}.Release|Any CPU.Build.0 = Release|Any CPU
	EndGlobalSection
	GlobalSection(SolutionProperties) = preSolution
		HideSolutionNode = FALSE
	EndGlobalSection
	GlobalSection(ExtensibilityGlobals) = postSolution
		SolutionGuid = {3DF2A3C2-167B-4240-93BB-5249CBB0C0A6}
	EndGlobalSection
EndGlobal
